
Microsoft Visual Studio Solution File, Format Version 12.00
# Visual Studio Version 17
VisualStudioVersion = 17.13.35806.99 d17.13
MinimumVisualStudioVersion = 10.0.40219.1
Project("{C9674DCB-5085-4A16-B785-4C70DD1589BD}") = "ETL Project Patient Data Processing using SSIS & SQL Server", "ETL Project Patient Data Processing using SSIS & SQL Server.dtproj", "{76D128C8-9772-9B36-56ED-E530FF2D5A4F}"
EndProject
Global
	GlobalSection(SolutionConfigurationPlatforms) = preSolution
		Development|Default = Development|Default
	EndGlobalSection
	GlobalSection(ProjectConfigurationPlatforms) = postSolution
		{76D128C8-9772-9B36-56ED-E530FF2D5A4F}.Development|Default.ActiveCfg = Development
		{76D128C8-9772-9B36-56ED-E530FF2D5A4F}.Development|Default.Build.0 = Development
	EndGlobalSection
	GlobalSection(SolutionProperties) = preSolution
		HideSolutionNode = FALSE
	EndGlobalSection
	GlobalSection(ExtensibilityGlobals) = postSolution
		SolutionGuid = {10534419-8127-46C0-90A4-92B3FFA222DD}
	EndGlobalSection
EndGlobal
